
Microsoft Visual Studio Solution File, Format Version 12.00
# Visual Studio Version 16
VisualStudioVersion = 16.0.28315.86
MinimumVisualStudioVersion = 10.0.40219.1
Project("{2150E333-8FDC-42A3-9474-1A3956D46DE8}") = "Engine", "Engine", "{24EEC03D-D797-4D0B-8FA0-AD47DD3D0FE3}"
EndProject
Project("{2150E333-8FDC-42A3-9474-1A3956D46DE8}") = "Games", "Games", "{AE43F1C4-33FC-4700-9B3C-F31890872F4C}"
EndProject
Project("{8BC9CEB8-8B4A-11D0-8D11-00A0C91BC942}") = "UE4", "Intermediate\ProjectFiles\UE4.vcxproj", "{5BDEDCDA-2F0C-402A-90C4-8F17082C0390}"
EndProject
Project("{8BC9CEB8-8B4A-11D0-8D11-00A0C91BC942}") = "MobileAsteroids", "Intermediate\ProjectFiles\MobileAsteroids.vcxproj", "{5589AAA8-679E-4E4C-BA2B-991621750777}"
EndProject
Project("{2150E333-8FDC-42A3-9474-1A3956D46DE8}") = "Visualizers", "Visualizers", "{9B27C757-B6B1-46CC-A0D4-74EE978E4E93}"
	ProjectSection(SolutionItems) = preProject
		C:\Program Files\Epic Games\UE_4.22\Engine\Extras\VisualStudioDebugging\UE4.natvis = C:\Program Files\Epic Games\UE_4.22\Engine\Extras\VisualStudioDebugging\UE4.natvis
	EndProjectSection
EndProject
Global
	GlobalSection(SolutionConfigurationPlatforms) = preSolution
		DebugGame Editor|Android = DebugGame Editor|Android
		DebugGame Editor|HTML5 = DebugGame Editor|HTML5
		DebugGame Editor|Win32 = DebugGame Editor|Win32
		DebugGame Editor|Win64 = DebugGame Editor|Win64
		DebugGame|Android = DebugGame|Android
		DebugGame|HTML5 = DebugGame|HTML5
		DebugGame|Win32 = DebugGame|Win32
		DebugGame|Win64 = DebugGame|Win64
		Development Editor|Android = Development Editor|Android
		Development Editor|HTML5 = Development Editor|HTML5
		Development Editor|Win32 = Development Editor|Win32
		Development Editor|Win64 = Development Editor|Win64
		Development|Android = Development|Android
		Development|HTML5 = Development|HTML5
		Development|Win32 = Development|Win32
		Development|Win64 = Development|Win64
		Shipping|Android = Shipping|Android
		Shipping|HTML5 = Shipping|HTML5
		Shipping|Win32 = Shipping|Win32
		Shipping|Win64 = Shipping|Win64
	EndGlobalSection
	GlobalSection(ProjectConfigurationPlatforms) = postSolution
		{5BDEDCDA-2F0C-402A-90C4-8F17082C0390}.DebugGame Editor|Android.ActiveCfg = BuiltWithUnrealBuildTool|Win32
		{5BDEDCDA-2F0C-402A-90C4-8F17082C0390}.DebugGame Editor|HTML5.ActiveCfg = BuiltWithUnrealBuildTool|Win32
		{5BDEDCDA-2F0C-402A-90C4-8F17082C0390}.DebugGame Editor|Win32.ActiveCfg = BuiltWithUnrealBuildTool|Win32
		{5BDEDCDA-2F0C-402A-90C4-8F17082C0390}.DebugGame Editor|Win64.ActiveCfg = BuiltWithUnrealBuildTool|Win32
		{5BDEDCDA-2F0C-402A-90C4-8F17082C0390}.DebugGame|Android.ActiveCfg = BuiltWithUnrealBuildTool|Win32
		{5BDEDCDA-2F0C-402A-90C4-8F17082C0390}.DebugGame|HTML5.ActiveCfg = BuiltWithUnrealBuildTool|Win32
		{5BDEDCDA-2F0C-402A-90C4-8F17082C0390}.DebugGame|Win32.ActiveCfg = BuiltWithUnrealBuildTool|Win32
		{5BDEDCDA-2F0C-402A-90C4-8F17082C0390}.DebugGame|Win64.ActiveCfg = BuiltWithUnrealBuildTool|Win32
		{5BDEDCDA-2F0C-402A-90C4-8F17082C0390}.Development Editor|Android.ActiveCfg = BuiltWithUnrealBuildTool|Win32
		{5BDEDCDA-2F0C-402A-90C4-8F17082C0390}.Development Editor|HTML5.ActiveCfg = BuiltWithUnrealBuildTool|Win32
		{5BDEDCDA-2F0C-402A-90C4-8F17082C0390}.Development Editor|Win32.ActiveCfg = BuiltWithUnrealBuildTool|Win32
		{5BDEDCDA-2F0C-402A-90C4-8F17082C0390}.Development Editor|Win64.ActiveCfg = BuiltWithUnrealBuildTool|Win32
		{5BDEDCDA-2F0C-402A-90C4-8F17082C0390}.Development|Android.ActiveCfg = BuiltWithUnrealBuildTool|Win32
		{5BDEDCDA-2F0C-402A-90C4-8F17082C0390}.Development|HTML5.ActiveCfg = BuiltWithUnrealBuildTool|Win32
		{5BDEDCDA-2F0C-402A-90C4-8F17082C0390}.Development|Win32.ActiveCfg = BuiltWithUnrealBuildTool|Win32
		{5BDEDCDA-2F0C-402A-90C4-8F17082C0390}.Development|Win64.ActiveCfg = BuiltWithUnrealBuildTool|Win32
		{5BDEDCDA-2F0C-402A-90C4-8F17082C0390}.Shipping|Android.ActiveCfg = BuiltWithUnrealBuildTool|Win32
		{5BDEDCDA-2F0C-402A-90C4-8F17082C0390}.Shipping|HTML5.ActiveCfg = BuiltWithUnrealBuildTool|Win32
		{5BDEDCDA-2F0C-402A-90C4-8F17082C0390}.Shipping|Win32.ActiveCfg = BuiltWithUnrealBuildTool|Win32
		{5BDEDCDA-2F0C-402A-90C4-8F17082C0390}.Shipping|Win64.ActiveCfg = BuiltWithUnrealBuildTool|Win32
		{5589AAA8-679E-4E4C-BA2B-991621750777}.DebugGame Editor|Android.ActiveCfg = Invalid|Win32
		{5589AAA8-679E-4E4C-BA2B-991621750777}.DebugGame Editor|HTML5.ActiveCfg = Invalid|Win32
		{5589AAA8-679E-4E4C-BA2B-991621750777}.DebugGame Editor|Win32.ActiveCfg = Invalid|Win32
		{5589AAA8-679E-4E4C-BA2B-991621750777}.DebugGame Editor|Win64.ActiveCfg = DebugGame_Editor|x64
		{5589AAA8-679E-4E4C-BA2B-991621750777}.DebugGame Editor|Win64.Build.0 = DebugGame_Editor|x64
		{5589AAA8-679E-4E4C-BA2B-991621750777}.DebugGame|Android.ActiveCfg = Android_DebugGame|Win32
		{5589AAA8-679E-4E4C-BA2B-991621750777}.DebugGame|Android.Build.0 = Android_DebugGame|Win32
		{5589AAA8-679E-4E4C-BA2B-991621750777}.DebugGame|HTML5.ActiveCfg = HTML5_DebugGame|Win32
		{5589AAA8-679E-4E4C-BA2B-991621750777}.DebugGame|HTML5.Build.0 = HTML5_DebugGame|Win32
		{5589AAA8-679E-4E4C-BA2B-991621750777}.DebugGame|Win32.ActiveCfg = DebugGame|Win32
		{5589AAA8-679E-4E4C-BA2B-991621750777}.DebugGame|Win32.Build.0 = DebugGame|Win32
		{5589AAA8-679E-4E4C-BA2B-991621750777}.DebugGame|Win64.ActiveCfg = DebugGame|x64
		{5589AAA8-679E-4E4C-BA2B-991621750777}.DebugGame|Win64.Build.0 = DebugGame|x64
		{5589AAA8-679E-4E4C-BA2B-991621750777}.Development Editor|Android.ActiveCfg = Invalid|Win32
		{5589AAA8-679E-4E4C-BA2B-991621750777}.Development Editor|HTML5.ActiveCfg = Invalid|Win32
		{5589AAA8-679E-4E4C-BA2B-991621750777}.Development Editor|Win32.ActiveCfg = Invalid|Win32
		{5589AAA8-679E-4E4C-BA2B-991621750777}.Development Editor|Win64.ActiveCfg = Development_Editor|x64
		{5589AAA8-679E-4E4C-BA2B-991621750777}.Development Editor|Win64.Build.0 = Development_Editor|x64
		{5589AAA8-679E-4E4C-BA2B-991621750777}.Development|Android.ActiveCfg = Android_Development|Win32
		{5589AAA8-679E-4E4C-BA2B-991621750777}.Development|Android.Build.0 = Android_Development|Win32
		{5589AAA8-679E-4E4C-BA2B-991621750777}.Development|HTML5.ActiveCfg = HTML5_Development|Win32
		{5589AAA8-679E-4E4C-BA2B-991621750777}.Development|HTML5.Build.0 = HTML5_Development|Win32
		{5589AAA8-679E-4E4C-BA2B-991621750777}.Development|Win32.ActiveCfg = Development|Win32
		{5589AAA8-679E-4E4C-BA2B-991621750777}.Development|Win32.Build.0 = Development|Win32
		{5589AAA8-679E-4E4C-BA2B-991621750777}.Development|Win64.ActiveCfg = Development|x64
		{5589AAA8-679E-4E4C-BA2B-991621750777}.Development|Win64.Build.0 = Development|x64
		{5589AAA8-679E-4E4C-BA2B-991621750777}.Shipping|Android.ActiveCfg = Android_Shipping|Win32
		{5589AAA8-679E-4E4C-BA2B-991621750777}.Shipping|Android.Build.0 = Android_Shipping|Win32
		{5589AAA8-679E-4E4C-BA2B-991621750777}.Shipping|HTML5.ActiveCfg = HTML5_Shipping|Win32
		{5589AAA8-679E-4E4C-BA2B-991621750777}.Shipping|HTML5.Build.0 = HTML5_Shipping|Win32
		{5589AAA8-679E-4E4C-BA2B-991621750777}.Shipping|Win32.ActiveCfg = Shipping|Win32
		{5589AAA8-679E-4E4C-BA2B-991621750777}.Shipping|Win32.Build.0 = Shipping|Win32
		{5589AAA8-679E-4E4C-BA2B-991621750777}.Shipping|Win64.ActiveCfg = Shipping|x64
		{5589AAA8-679E-4E4C-BA2B-991621750777}.Shipping|Win64.Build.0 = Shipping|x64
	EndGlobalSection
	GlobalSection(SolutionProperties) = preSolution
		HideSolutionNode = FALSE
	EndGlobalSection
	GlobalSection(NestedProjects) = preSolution
		{5BDEDCDA-2F0C-402A-90C4-8F17082C0390} = {24EEC03D-D797-4D0B-8FA0-AD47DD3D0FE3}
		{5589AAA8-679E-4E4C-BA2B-991621750777} = {AE43F1C4-33FC-4700-9B3C-F31890872F4C}
	EndGlobalSection
EndGlobal
