
Microsoft Visual Studio Solution File, Format Version 12.00
# Visual Studio Version 16
VisualStudioVersion = 16.0.28315.86
MinimumVisualStudioVersion = 10.0.40219.1
Project("{2150E333-8FDC-42A3-9474-1A3956D46DE8}") = "Engine", "Engine", "{8B77DE5E-BDC3-412D-99BC-1351656D90BD}"
EndProject
Project("{2150E333-8FDC-42A3-9474-1A3956D46DE8}") = "Games", "Games", "{AA3E63C8-418C-495D-B2CE-D62EBD299DD7}"
EndProject
Project("{8BC9CEB8-8B4A-11D0-8D11-00A0C91BC942}") = "UE4", "Intermediate\ProjectFiles\UE4.vcxproj", "{39B2442A-7FBE-43F4-AFE9-D55700D3A7C6}"
EndProject
Project("{8BC9CEB8-8B4A-11D0-8D11-00A0C91BC942}") = "MobileAsteroids", "Intermediate\ProjectFiles\MobileAsteroids.vcxproj", "{F5E61F6B-E6FF-4AAC-9C2A-9275E3899BD3}"
EndProject
Project("{2150E333-8FDC-42A3-9474-1A3956D46DE8}") = "Visualizers", "Visualizers", "{F7A43362-0C28-4D47-B09A-D4A3B364259E}"
	ProjectSection(SolutionItems) = preProject
		C:\Program Files\Epic Games\UE_4.22\Engine\Extras\VisualStudioDebugging\UE4.natvis = C:\Program Files\Epic Games\UE_4.22\Engine\Extras\VisualStudioDebugging\UE4.natvis
	EndProjectSection
EndProject
Global
	GlobalSection(SolutionConfigurationPlatforms) = preSolution
		DebugGame Editor|Android = DebugGame Editor|Android
		DebugGame Editor|HTML5 = DebugGame Editor|HTML5
		DebugGame Editor|Win32 = DebugGame Editor|Win32
		DebugGame Editor|Win64 = DebugGame Editor|Win64
		DebugGame|Android = DebugGame|Android
		DebugGame|HTML5 = DebugGame|HTML5
		DebugGame|Win32 = DebugGame|Win32
		DebugGame|Win64 = DebugGame|Win64
		Development Editor|Android = Development Editor|Android
		Development Editor|HTML5 = Development Editor|HTML5
		Development Editor|Win32 = Development Editor|Win32
		Development Editor|Win64 = Development Editor|Win64
		Development|Android = Development|Android
		Development|HTML5 = Development|HTML5
		Development|Win32 = Development|Win32
		Development|Win64 = Development|Win64
		Shipping|Android = Shipping|Android
		Shipping|HTML5 = Shipping|HTML5
		Shipping|Win32 = Shipping|Win32
		Shipping|Win64 = Shipping|Win64
	EndGlobalSection
	GlobalSection(ProjectConfigurationPlatforms) = postSolution
		{39B2442A-7FBE-43F4-AFE9-D55700D3A7C6}.DebugGame Editor|Android.ActiveCfg = BuiltWithUnrealBuildTool|Win32
		{39B2442A-7FBE-43F4-AFE9-D55700D3A7C6}.DebugGame Editor|HTML5.ActiveCfg = BuiltWithUnrealBuildTool|Win32
		{39B2442A-7FBE-43F4-AFE9-D55700D3A7C6}.DebugGame Editor|Win32.ActiveCfg = BuiltWithUnrealBuildTool|Win32
		{39B2442A-7FBE-43F4-AFE9-D55700D3A7C6}.DebugGame Editor|Win64.ActiveCfg = BuiltWithUnrealBuildTool|Win32
		{39B2442A-7FBE-43F4-AFE9-D55700D3A7C6}.DebugGame|Android.ActiveCfg = BuiltWithUnrealBuildTool|Win32
		{39B2442A-7FBE-43F4-AFE9-D55700D3A7C6}.DebugGame|HTML5.ActiveCfg = BuiltWithUnrealBuildTool|Win32
		{39B2442A-7FBE-43F4-AFE9-D55700D3A7C6}.DebugGame|Win32.ActiveCfg = BuiltWithUnrealBuildTool|Win32
		{39B2442A-7FBE-43F4-AFE9-D55700D3A7C6}.DebugGame|Win64.ActiveCfg = BuiltWithUnrealBuildTool|Win32
		{39B2442A-7FBE-43F4-AFE9-D55700D3A7C6}.Development Editor|Android.ActiveCfg = BuiltWithUnrealBuildTool|Win32
		{39B2442A-7FBE-43F4-AFE9-D55700D3A7C6}.Development Editor|HTML5.ActiveCfg = BuiltWithUnrealBuildTool|Win32
		{39B2442A-7FBE-43F4-AFE9-D55700D3A7C6}.Development Editor|Win32.ActiveCfg = BuiltWithUnrealBuildTool|Win32
		{39B2442A-7FBE-43F4-AFE9-D55700D3A7C6}.Development Editor|Win64.ActiveCfg = BuiltWithUnrealBuildTool|Win32
		{39B2442A-7FBE-43F4-AFE9-D55700D3A7C6}.Development|Android.ActiveCfg = BuiltWithUnrealBuildTool|Win32
		{39B2442A-7FBE-43F4-AFE9-D55700D3A7C6}.Development|HTML5.ActiveCfg = BuiltWithUnrealBuildTool|Win32
		{39B2442A-7FBE-43F4-AFE9-D55700D3A7C6}.Development|Win32.ActiveCfg = BuiltWithUnrealBuildTool|Win32
		{39B2442A-7FBE-43F4-AFE9-D55700D3A7C6}.Development|Win64.ActiveCfg = BuiltWithUnrealBuildTool|Win32
		{39B2442A-7FBE-43F4-AFE9-D55700D3A7C6}.Shipping|Android.ActiveCfg = BuiltWithUnrealBuildTool|Win32
		{39B2442A-7FBE-43F4-AFE9-D55700D3A7C6}.Shipping|HTML5.ActiveCfg = BuiltWithUnrealBuildTool|Win32
		{39B2442A-7FBE-43F4-AFE9-D55700D3A7C6}.Shipping|Win32.ActiveCfg = BuiltWithUnrealBuildTool|Win32
		{39B2442A-7FBE-43F4-AFE9-D55700D3A7C6}.Shipping|Win64.ActiveCfg = BuiltWithUnrealBuildTool|Win32
		{F5E61F6B-E6FF-4AAC-9C2A-9275E3899BD3}.DebugGame Editor|Android.ActiveCfg = DebugGame_Editor|x64
		{F5E61F6B-E6FF-4AAC-9C2A-9275E3899BD3}.DebugGame Editor|Android.Build.0 = DebugGame_Editor|x64
		{F5E61F6B-E6FF-4AAC-9C2A-9275E3899BD3}.DebugGame Editor|HTML5.ActiveCfg = Invalid|Win32
		{F5E61F6B-E6FF-4AAC-9C2A-9275E3899BD3}.DebugGame Editor|Win32.ActiveCfg = Invalid|Win32
		{F5E61F6B-E6FF-4AAC-9C2A-9275E3899BD3}.DebugGame Editor|Win64.ActiveCfg = DebugGame_Editor|x64
		{F5E61F6B-E6FF-4AAC-9C2A-9275E3899BD3}.DebugGame Editor|Win64.Build.0 = DebugGame_Editor|x64
		{F5E61F6B-E6FF-4AAC-9C2A-9275E3899BD3}.DebugGame|Android.ActiveCfg = Android_DebugGame|Win32
		{F5E61F6B-E6FF-4AAC-9C2A-9275E3899BD3}.DebugGame|Android.Build.0 = Android_DebugGame|Win32
		{F5E61F6B-E6FF-4AAC-9C2A-9275E3899BD3}.DebugGame|HTML5.ActiveCfg = HTML5_DebugGame|Win32
		{F5E61F6B-E6FF-4AAC-9C2A-9275E3899BD3}.DebugGame|HTML5.Build.0 = HTML5_DebugGame|Win32
		{F5E61F6B-E6FF-4AAC-9C2A-9275E3899BD3}.DebugGame|Win32.ActiveCfg = DebugGame|Win32
		{F5E61F6B-E6FF-4AAC-9C2A-9275E3899BD3}.DebugGame|Win32.Build.0 = DebugGame|Win32
		{F5E61F6B-E6FF-4AAC-9C2A-9275E3899BD3}.DebugGame|Win64.ActiveCfg = DebugGame|x64
		{F5E61F6B-E6FF-4AAC-9C2A-9275E3899BD3}.DebugGame|Win64.Build.0 = DebugGame|x64
		{F5E61F6B-E6FF-4AAC-9C2A-9275E3899BD3}.Development Editor|Android.ActiveCfg = Invalid|Win32
		{F5E61F6B-E6FF-4AAC-9C2A-9275E3899BD3}.Development Editor|HTML5.ActiveCfg = Invalid|Win32
		{F5E61F6B-E6FF-4AAC-9C2A-9275E3899BD3}.Development Editor|Win32.ActiveCfg = Invalid|Win32
		{F5E61F6B-E6FF-4AAC-9C2A-9275E3899BD3}.Development Editor|Win64.ActiveCfg = Development_Editor|x64
		{F5E61F6B-E6FF-4AAC-9C2A-9275E3899BD3}.Development Editor|Win64.Build.0 = Development_Editor|x64
		{F5E61F6B-E6FF-4AAC-9C2A-9275E3899BD3}.Development|Android.ActiveCfg = Android_Development|Win32
		{F5E61F6B-E6FF-4AAC-9C2A-9275E3899BD3}.Development|Android.Build.0 = Android_Development|Win32
		{F5E61F6B-E6FF-4AAC-9C2A-9275E3899BD3}.Development|HTML5.ActiveCfg = HTML5_Development|Win32
		{F5E61F6B-E6FF-4AAC-9C2A-9275E3899BD3}.Development|HTML5.Build.0 = HTML5_Development|Win32
		{F5E61F6B-E6FF-4AAC-9C2A-9275E3899BD3}.Development|Win32.ActiveCfg = Development|Win32
		{F5E61F6B-E6FF-4AAC-9C2A-9275E3899BD3}.Development|Win32.Build.0 = Development|Win32
		{F5E61F6B-E6FF-4AAC-9C2A-9275E3899BD3}.Development|Win64.ActiveCfg = Development|x64
		{F5E61F6B-E6FF-4AAC-9C2A-9275E3899BD3}.Development|Win64.Build.0 = Development|x64
		{F5E61F6B-E6FF-4AAC-9C2A-9275E3899BD3}.Shipping|Android.ActiveCfg = Android_Shipping|Win32
		{F5E61F6B-E6FF-4AAC-9C2A-9275E3899BD3}.Shipping|Android.Build.0 = Android_Shipping|Win32
		{F5E61F6B-E6FF-4AAC-9C2A-9275E3899BD3}.Shipping|HTML5.ActiveCfg = HTML5_Shipping|Win32
		{F5E61F6B-E6FF-4AAC-9C2A-9275E3899BD3}.Shipping|HTML5.Build.0 = HTML5_Shipping|Win32
		{F5E61F6B-E6FF-4AAC-9C2A-9275E3899BD3}.Shipping|Win32.ActiveCfg = Shipping|Win32
		{F5E61F6B-E6FF-4AAC-9C2A-9275E3899BD3}.Shipping|Win32.Build.0 = Shipping|Win32
		{F5E61F6B-E6FF-4AAC-9C2A-9275E3899BD3}.Shipping|Win64.ActiveCfg = Shipping|x64
		{F5E61F6B-E6FF-4AAC-9C2A-9275E3899BD3}.Shipping|Win64.Build.0 = Shipping|x64
	EndGlobalSection
	GlobalSection(SolutionProperties) = preSolution
		HideSolutionNode = FALSE
	EndGlobalSection
	GlobalSection(NestedProjects) = preSolution
		{39B2442A-7FBE-43F4-AFE9-D55700D3A7C6} = {8B77DE5E-BDC3-412D-99BC-1351656D90BD}
		{F5E61F6B-E6FF-4AAC-9C2A-9275E3899BD3} = {AA3E63C8-418C-495D-B2CE-D62EBD299DD7}
	EndGlobalSection
	GlobalSection(ExtensibilityGlobals) = postSolution
		SolutionGuid = {3A5DA12D-0BAF-45DB-9CEA-3D5C7A1802F8}
	EndGlobalSection
EndGlobal
